# This file is autogenerated, do not edit; changes may be undone by the next 'dep ensure'.


[[projects]]
  branch = "master"
  digest = "1:64b5f903788b2f79536f1c4d8d8ac0dc0dae857eb0711bbbb8918e5673613439"
  name = "github.com/petermattis/goid"
  packages = ["."]
  pruneopts = "UT"
  revision = "b0b1615b78e5ee59739545bb38426383b2cda4c9"

[solve-meta]
  analyzer-name = "dep"
  analyzer-version = 1
  input-imports = ["github.com/petermattis/goid"]
  solver-name = "gps-cdcl"
  solver-version = 1
